
Microsoft Visual Studio Solution File, Format Version 12.00
# Visual Studio Version 17
VisualStudioVersion = 17.4.33213.308
MinimumVisualStudioVersion = 10.0.40219.1
Project("{FAE04EC0-301F-11D3-BF4B-00C04F79EFBC}") = "eg-painel", "eg-painel.csproj", "{FC156372-7E77-4D5E-9CC8-EF4AB9B71E42}"
EndProject
Global
	GlobalSection(SolutionConfigurationPlatforms) = preSolution
		Debug|Any CPU = Debug|Any CPU
		Release|Any CPU = Release|Any CPU
	EndGlobalSection
	GlobalSection(ProjectConfigurationPlatforms) = postSolution
		{FC156372-7E77-4D5E-9CC8-EF4AB9B71E42}.Debug|Any CPU.ActiveCfg = Debug|Any CPU
		{FC156372-7E77-4D5E-9CC8-EF4AB9B71E42}.Debug|Any CPU.Build.0 = Debug|Any CPU
		{FC156372-7E77-4D5E-9CC8-EF4AB9B71E42}.Release|Any CPU.ActiveCfg = Release|Any CPU
		{FC156372-7E77-4D5E-9CC8-EF4AB9B71E42}.Release|Any CPU.Build.0 = Release|Any CPU
	EndGlobalSection
	GlobalSection(SolutionProperties) = preSolution
		HideSolutionNode = FALSE
	EndGlobalSection
	GlobalSection(ExtensibilityGlobals) = postSolution
		SolutionGuid = {1E9A0A40-C365-4014-B02F-079C926E5A2C}
	EndGlobalSection
EndGlobal
